
Microsoft Visual Studio Solution File, Format Version 12.00
# Visual Studio 15
VisualStudioVersion = 15.0.27130.2027
MinimumVisualStudioVersion = 10.0.40219.1
Project("{FAE04EC0-301F-11D3-BF4B-00C04F79EFBC}") = "BepInEx", "BepInEx\BepInEx.csproj", "{4FFBA620-F5ED-47F9-B90C-DAD1316FD9B9}"
EndProject
Project("{FAE04EC0-301F-11D3-BF4B-00C04F79EFBC}") = "BepInEx.Patcher", "BepInEx.Patcher\BepInEx.Patcher.csproj", "{DC89F18B-235B-4C01-AB31-AF40DCE5C4C7}"
	ProjectSection(ProjectDependencies) = postProject
		{4FFBA620-F5ED-47F9-B90C-DAD1316FD9B9} = {4FFBA620-F5ED-47F9-B90C-DAD1316FD9B9}
	EndProjectSection
EndProject
Project("{D954291E-2A0B-460D-934E-DC6B0785DB48}") = "BepInEx.Common", "BepInEx.Common\BepInEx.Common.shproj", "{D8DEEEF7-28F5-4F13-A004-C581CE051CDC}"
EndProject
Global
	GlobalSection(SharedMSBuildProjectFiles) = preSolution
		BepInEx.Common\BepInEx.Common.projitems*{4ffba620-f5ed-47f9-b90c-dad1316fd9b9}*SharedItemsImports = 4
		BepInEx.Common\BepInEx.Common.projitems*{d8deeef7-28f5-4f13-a004-c581ce051cdc}*SharedItemsImports = 13
		BepInEx.Common\BepInEx.Common.projitems*{dc89f18b-235b-4c01-ab31-af40dce5c4c7}*SharedItemsImports = 4
	EndGlobalSection
	GlobalSection(SolutionConfigurationPlatforms) = preSolution
		Cecil 0.9.6_Release|Any CPU = Cecil 0.9.6_Release|Any CPU
		Debug|Any CPU = Debug|Any CPU
		Release|Any CPU = Release|Any CPU
	EndGlobalSection
	GlobalSection(ProjectConfigurationPlatforms) = postSolution
		{4FFBA620-F5ED-47F9-B90C-DAD1316FD9B9}.Cecil 0.9.6_Release|Any CPU.ActiveCfg = Cecil 0.9.6_Release|Any CPU
		{4FFBA620-F5ED-47F9-B90C-DAD1316FD9B9}.Cecil 0.9.6_Release|Any CPU.Build.0 = Cecil 0.9.6_Release|Any CPU
		{4FFBA620-F5ED-47F9-B90C-DAD1316FD9B9}.Debug|Any CPU.ActiveCfg = Release|Any CPU
		{4FFBA620-F5ED-47F9-B90C-DAD1316FD9B9}.Debug|Any CPU.Build.0 = Release|Any CPU
		{4FFBA620-F5ED-47F9-B90C-DAD1316FD9B9}.Release|Any CPU.ActiveCfg = Release|Any CPU
		{4FFBA620-F5ED-47F9-B90C-DAD1316FD9B9}.Release|Any CPU.Build.0 = Release|Any CPU
		{DC89F18B-235B-4C01-AB31-AF40DCE5C4C7}.Cecil 0.9.6_Release|Any CPU.ActiveCfg = Release|Any CPU
		{DC89F18B-235B-4C01-AB31-AF40DCE5C4C7}.Debug|Any CPU.ActiveCfg = Debug|Any CPU
		{DC89F18B-235B-4C01-AB31-AF40DCE5C4C7}.Release|Any CPU.ActiveCfg = Release|Any CPU
	EndGlobalSection
	GlobalSection(SolutionProperties) = preSolution
		HideSolutionNode = FALSE
	EndGlobalSection
	GlobalSection(ExtensibilityGlobals) = postSolution
		SolutionGuid = {55AC11EF-F568-4C79-A356-7ED9510145B1}
	EndGlobalSection
EndGlobal
