
Microsoft Visual Studio Solution File, Format Version 12.00
# Visual Studio Version 16
VisualStudioVersion = 16.0.28922.388
MinimumVisualStudioVersion = 10.0.40219.1
Project("{FAE04EC0-301F-11D3-BF4B-00C04F79EFBC}") = "BepInEx", "BepInEx\BepInEx.csproj", "{4FFBA620-F5ED-47F9-B90C-DAD1316FD9B9}"
EndProject
Project("{FAE04EC0-301F-11D3-BF4B-00C04F79EFBC}") = "BepInEx.Patcher", "BepInEx.Patcher\BepInEx.Patcher.csproj", "{DC89F18B-235B-4C01-AB31-AF40DCE5C4C7}"
	ProjectSection(ProjectDependencies) = postProject
		{4FFBA620-F5ED-47F9-B90C-DAD1316FD9B9} = {4FFBA620-F5ED-47F9-B90C-DAD1316FD9B9}
		{6E6BC1E5-5BE8-4566-B3AE-52C4CB218AEB} = {6E6BC1E5-5BE8-4566-B3AE-52C4CB218AEB}
	EndProjectSection
EndProject
Project("{FAE04EC0-301F-11D3-BF4B-00C04F79EFBC}") = "BepInEx.Bootstrap", "BepInEx.Bootstrap\BepInEx.Bootstrap.csproj", "{6E6BC1E5-5BE8-4566-B3AE-52C4CB218AEB}"
EndProject
Project("{2150E333-8FDC-42A3-9474-1A3956D46DE8}") = "Submodules", "Submodules", "{BAC58F7E-AAD8-4D0C-9490-9765ACBBA6FB}"
EndProject
Project("{FAE04EC0-301F-11D3-BF4B-00C04F79EFBC}") = "BepInEx.Harmony", "submodules\BepInEx.Harmony\BepInEx.Harmony\BepInEx.Harmony.csproj", "{54161CFE-FF42-4DDE-B161-3A49545DB5CD}"
EndProject
Project("{2150E333-8FDC-42A3-9474-1A3956D46DE8}") = "Patcher", "Patcher", "{A9071994-3533-4C1B-89DC-D817B676AB41}"
EndProject
Project("{FAE04EC0-301F-11D3-BF4B-00C04F79EFBC}") = "BepInEx.Preloader", "BepInEx.Preloader\BepInEx.Preloader.csproj", "{F7ABBE07-C02F-4F7C-BF6E-C6656BF588CA}"
EndProject
Project("{FAE04EC0-301F-11D3-BF4B-00C04F79EFBC}") = "BepInExTests", "BepInExTests\BepInExTests.csproj", "{E7CD429A-D057-48E3-8C51-E5C934E8E07B}"
	ProjectSection(ProjectDependencies) = postProject
		{4FFBA620-F5ED-47F9-B90C-DAD1316FD9B9} = {4FFBA620-F5ED-47F9-B90C-DAD1316FD9B9}
	EndProjectSection
EndProject
Project("{FAE04EC0-301F-11D3-BF4B-00C04F79EFBC}") = "HarmonyXInterop", "submodules\BepInEx.Harmony\HarmonyXInterop\HarmonyXInterop.csproj", "{160F7FE0-288D-435C-9E7E-497D3E0DE3A6}"
EndProject
Project("{FAE04EC0-301F-11D3-BF4B-00C04F79EFBC}") = "HarmonyX2Interop", "submodules\BepInEx.Harmony\HarmonyX2Interop\HarmonyX2Interop.csproj", "{69F6541D-A0F5-419D-B0EE-F5017F1D34F3}"
EndProject
Global
	GlobalSection(SolutionConfigurationPlatforms) = preSolution
		Debug|Any CPU = Debug|Any CPU
		Release|Any CPU = Release|Any CPU
	EndGlobalSection
	GlobalSection(ProjectConfigurationPlatforms) = postSolution
		{4FFBA620-F5ED-47F9-B90C-DAD1316FD9B9}.Debug|Any CPU.ActiveCfg = Debug|Any CPU
		{4FFBA620-F5ED-47F9-B90C-DAD1316FD9B9}.Debug|Any CPU.Build.0 = Debug|Any CPU
		{4FFBA620-F5ED-47F9-B90C-DAD1316FD9B9}.Release|Any CPU.ActiveCfg = Release|Any CPU
		{4FFBA620-F5ED-47F9-B90C-DAD1316FD9B9}.Release|Any CPU.Build.0 = Release|Any CPU
		{DC89F18B-235B-4C01-AB31-AF40DCE5C4C7}.Debug|Any CPU.ActiveCfg = Release|Any CPU
		{DC89F18B-235B-4C01-AB31-AF40DCE5C4C7}.Debug|Any CPU.Build.0 = Release|Any CPU
		{DC89F18B-235B-4C01-AB31-AF40DCE5C4C7}.Release|Any CPU.ActiveCfg = Release|Any CPU
		{DC89F18B-235B-4C01-AB31-AF40DCE5C4C7}.Release|Any CPU.Build.0 = Release|Any CPU
		{6E6BC1E5-5BE8-4566-B3AE-52C4CB218AEB}.Debug|Any CPU.ActiveCfg = Release|Any CPU
		{6E6BC1E5-5BE8-4566-B3AE-52C4CB218AEB}.Debug|Any CPU.Build.0 = Release|Any CPU
		{6E6BC1E5-5BE8-4566-B3AE-52C4CB218AEB}.Release|Any CPU.ActiveCfg = Release|Any CPU
		{6E6BC1E5-5BE8-4566-B3AE-52C4CB218AEB}.Release|Any CPU.Build.0 = Release|Any CPU
		{54161CFE-FF42-4DDE-B161-3A49545DB5CD}.Debug|Any CPU.ActiveCfg = Debug|Any CPU
		{54161CFE-FF42-4DDE-B161-3A49545DB5CD}.Debug|Any CPU.Build.0 = Debug|Any CPU
		{54161CFE-FF42-4DDE-B161-3A49545DB5CD}.Release|Any CPU.ActiveCfg = Release|Any CPU
		{54161CFE-FF42-4DDE-B161-3A49545DB5CD}.Release|Any CPU.Build.0 = Release|Any CPU
		{F7ABBE07-C02F-4F7C-BF6E-C6656BF588CA}.Debug|Any CPU.ActiveCfg = Release|Any CPU
		{F7ABBE07-C02F-4F7C-BF6E-C6656BF588CA}.Debug|Any CPU.Build.0 = Release|Any CPU
		{F7ABBE07-C02F-4F7C-BF6E-C6656BF588CA}.Release|Any CPU.ActiveCfg = Release|Any CPU
		{F7ABBE07-C02F-4F7C-BF6E-C6656BF588CA}.Release|Any CPU.Build.0 = Release|Any CPU
		{E7CD429A-D057-48E3-8C51-E5C934E8E07B}.Debug|Any CPU.ActiveCfg = Debug|x86
		{E7CD429A-D057-48E3-8C51-E5C934E8E07B}.Debug|Any CPU.Build.0 = Debug|x86
		{E7CD429A-D057-48E3-8C51-E5C934E8E07B}.Release|Any CPU.ActiveCfg = Release|x86
		{160F7FE0-288D-435C-9E7E-497D3E0DE3A6}.Debug|Any CPU.ActiveCfg = Debug|Any CPU
		{160F7FE0-288D-435C-9E7E-497D3E0DE3A6}.Debug|Any CPU.Build.0 = Debug|Any CPU
		{160F7FE0-288D-435C-9E7E-497D3E0DE3A6}.Release|Any CPU.ActiveCfg = Release|Any CPU
		{160F7FE0-288D-435C-9E7E-497D3E0DE3A6}.Release|Any CPU.Build.0 = Release|Any CPU
		{69F6541D-A0F5-419D-B0EE-F5017F1D34F3}.Debug|Any CPU.ActiveCfg = Debug|Any CPU
		{69F6541D-A0F5-419D-B0EE-F5017F1D34F3}.Debug|Any CPU.Build.0 = Debug|Any CPU
		{69F6541D-A0F5-419D-B0EE-F5017F1D34F3}.Release|Any CPU.ActiveCfg = Release|Any CPU
		{69F6541D-A0F5-419D-B0EE-F5017F1D34F3}.Release|Any CPU.Build.0 = Release|Any CPU
	EndGlobalSection
	GlobalSection(SolutionProperties) = preSolution
		HideSolutionNode = FALSE
	EndGlobalSection
	GlobalSection(NestedProjects) = preSolution
		{DC89F18B-235B-4C01-AB31-AF40DCE5C4C7} = {A9071994-3533-4C1B-89DC-D817B676AB41}
		{6E6BC1E5-5BE8-4566-B3AE-52C4CB218AEB} = {A9071994-3533-4C1B-89DC-D817B676AB41}
		{54161CFE-FF42-4DDE-B161-3A49545DB5CD} = {BAC58F7E-AAD8-4D0C-9490-9765ACBBA6FB}
		{160F7FE0-288D-435C-9E7E-497D3E0DE3A6} = {BAC58F7E-AAD8-4D0C-9490-9765ACBBA6FB}
		{69F6541D-A0F5-419D-B0EE-F5017F1D34F3} = {BAC58F7E-AAD8-4D0C-9490-9765ACBBA6FB}
	EndGlobalSection
	GlobalSection(ExtensibilityGlobals) = postSolution
		SolutionGuid = {55AC11EF-F568-4C79-A356-7ED9510145B1}
	EndGlobalSection
EndGlobal
